
Microsoft Visual Studio Solution File, Format Version 12.00
# Visual Studio 14
VisualStudioVersion = 14.0.24720.0
MinimumVisualStudioVersion = 10.0.40219.1
Project("{FAE04EC0-301F-11D3-BF4B-00C04F79EFBC}") = "Sesamit", "Sesamit\Sesamit.csproj", "{D0BE6959-4D51-4E2C-8B85-B505B8B5CC0D}"
EndProject
Project("{FAE04EC0-301F-11D3-BF4B-00C04F79EFBC}") = "Sesamit.Tests", "Sesamit.Tests\Sesamit.Tests.csproj", "{48E13A29-0395-42BB-9019-252AE82A22BC}"
EndProject
Global
	GlobalSection(SolutionConfigurationPlatforms) = preSolution
		Debug|Any CPU = Debug|Any CPU
		Release|Any CPU = Release|Any CPU
	EndGlobalSection
	GlobalSection(ProjectConfigurationPlatforms) = postSolution
		{D0BE6959-4D51-4E2C-8B85-B505B8B5CC0D}.Debug|Any CPU.ActiveCfg = Debug|Any CPU
		{D0BE6959-4D51-4E2C-8B85-B505B8B5CC0D}.Debug|Any CPU.Build.0 = Debug|Any CPU
		{D0BE6959-4D51-4E2C-8B85-B505B8B5CC0D}.Release|Any CPU.ActiveCfg = Release|Any CPU
		{D0BE6959-4D51-4E2C-8B85-B505B8B5CC0D}.Release|Any CPU.Build.0 = Release|Any CPU
		{48E13A29-0395-42BB-9019-252AE82A22BC}.Debug|Any CPU.ActiveCfg = Debug|Any CPU
		{48E13A29-0395-42BB-9019-252AE82A22BC}.Debug|Any CPU.Build.0 = Debug|Any CPU
		{48E13A29-0395-42BB-9019-252AE82A22BC}.Release|Any CPU.ActiveCfg = Release|Any CPU
		{48E13A29-0395-42BB-9019-252AE82A22BC}.Release|Any CPU.Build.0 = Release|Any CPU
	EndGlobalSection
	GlobalSection(SolutionProperties) = preSolution
		HideSolutionNode = FALSE
	EndGlobalSection
EndGlobal
